
Microsoft Visual Studio Solution File, Format Version 12.00
Project("{FAE04EC0-301F-11D3-BF4B-00C04F79EFBC}") = "WalletWasabi", "submodules\walletwasabi\WalletWasabi\WalletWasabi.csproj", "{D1D1116C-38F9-4EA3-AC65-A75FEA82E5C8}"
EndProject
Project("{FAE04EC0-301F-11D3-BF4B-00C04F79EFBC}") = "BTCPayServer", "submodules\btcpayserver\BTCPayServer\BTCPayServer.csproj", "{B19C9F52-DC47-466D-8B5C-2D202B7B003F}"
EndProject
Project("{FAE04EC0-301F-11D3-BF4B-00C04F79EFBC}") = "BTCPayServer.Plugins.BitcoinWhitepaper", "Plugins\BTCPayServer.Plugins.BitcoinWhitepaper\BTCPayServer.Plugins.BitcoinWhitepaper.csproj", "{AD9635BB-C70E-4676-BB04-900D51B01666}"
EndProject
Project("{FAE04EC0-301F-11D3-BF4B-00C04F79EFBC}") = "BTCPayServer.Abstractions", "submodules\btcpayserver\BTCPayServer.Abstractions\BTCPayServer.Abstractions.csproj", "{8F158B88-0FEE-44FF-8552-7C0F17D5C508}"
EndProject
Project("{FAE04EC0-301F-11D3-BF4B-00C04F79EFBC}") = "BTCPayServer.Client", "submodules\btcpayserver\BTCPayServer.Client\BTCPayServer.Client.csproj", "{DF85EFA4-0EF5-4A99-853F-E6F9C88E3F8C}"
EndProject
Project("{FAE04EC0-301F-11D3-BF4B-00C04F79EFBC}") = "BTCPayServer.Data", "submodules\btcpayserver\BTCPayServer.Data\BTCPayServer.Data.csproj", "{2C5C4DF9-BA1F-4671-9F24-B22D7C9C3D21}"
EndProject
Project("{FAE04EC0-301F-11D3-BF4B-00C04F79EFBC}") = "BTCPayServer.Rating", "submodules\btcpayserver\BTCPayServer.Rating\BTCPayServer.Rating.csproj", "{D7E7309D-C4F4-496A-B2C8-BC5D3991B9C0}"
EndProject
Project("{FAE04EC0-301F-11D3-BF4B-00C04F79EFBC}") = "BTCPayServer.Common", "submodules\btcpayserver\BTCPayServer.Common\BTCPayServer.Common.csproj", "{3F2E0BA0-9EA7-490F-894D-F9703F35B174}"
EndProject
Project("{2150E333-8FDC-42A3-9474-1A3956D46DE8}") = "BTCPay", "BTCPay", "{9E04ECE9-E304-4FF2-9CBC-83256E6C6962}"
	ProjectSection(SolutionItems) = preProject
		submodules\btcpayserver\Build\Common.csproj = submodules\btcpayserver\Build\Common.csproj
	EndProjectSection
EndProject
Project("{FAE04EC0-301F-11D3-BF4B-00C04F79EFBC}") = "ConfigBuilder", "ConfigBuilder\ConfigBuilder.csproj", "{6295533A-F941-40CA-B889-FE6C0432ED53}"
EndProject
Project("{FAE04EC0-301F-11D3-BF4B-00C04F79EFBC}") = "BTCPayServer.Plugins.FixedFloat", "Plugins\BTCPayServer.Plugins.FixedFloat\BTCPayServer.Plugins.FixedFloat.csproj", "{58863D86-3C78-4BEC-ACB6-2F82CC141210}"
EndProject
Project("{FAE04EC0-301F-11D3-BF4B-00C04F79EFBC}") = "BTCPayServer.Plugins.LiquidPlus", "Plugins\BTCPayServer.Plugins.LiquidPlus\BTCPayServer.Plugins.LiquidPlus.csproj", "{B4E2ED08-4AD3-4648-8BDB-3107200460B9}"
EndProject
Project("{FAE04EC0-301F-11D3-BF4B-00C04F79EFBC}") = "BTCPayServer.Plugins.SideShift", "Plugins\BTCPayServer.Plugins.SideShift\BTCPayServer.Plugins.SideShift.csproj", "{5E1BAA06-7828-47BC-89D6-19C2A78EA427}"
EndProject
Project("{FAE04EC0-301F-11D3-BF4B-00C04F79EFBC}") = "BTCPayServer.Plugins.TicketTailor", "Plugins\BTCPayServer.Plugins.TicketTailor\BTCPayServer.Plugins.TicketTailor.csproj", "{7AFC20EB-1696-47D7-8E57-822B05DD18F2}"
EndProject
Project("{FAE04EC0-301F-11D3-BF4B-00C04F79EFBC}") = "BTCPayServer.Plugins.Wabisabi", "Plugins\BTCPayServer.Plugins.Wabisabi\BTCPayServer.Plugins.Wabisabi.csproj", "{0D438B7D-F996-4BF3-8F54-02CB9DF120D8}"
EndProject
Project("{FAE04EC0-301F-11D3-BF4B-00C04F79EFBC}") = "BTCPayServer.PluginPacker", "submodules\btcpayserver\BTCPayServer.PluginPacker\BTCPayServer.PluginPacker.csproj", "{2FDF2D41-8E75-49F6-9F4D-9E9AECE7922F}"
EndProject
Project("{FAE04EC0-301F-11D3-BF4B-00C04F79EFBC}") = "BTCPayServer.Plugins.NIP05", "Plugins\BTCPayServer.Plugins.NIP05\BTCPayServer.Plugins.NIP05.csproj", "{362D2175-9632-418E-95B1-5D638C52ECA6}"
EndProject
Project("{FAE04EC0-301F-11D3-BF4B-00C04F79EFBC}") = "BTCPayServer.Tests", "submodules\btcpayserver\BTCPayServer.Tests\BTCPayServer.Tests.csproj", "{4146B6DF-7BEE-4BD0-B6B1-77E7630A1B81}"
EndProject
Project("{FAE04EC0-301F-11D3-BF4B-00C04F79EFBC}") = "BTCPayServer.Plugins.Tests", "BTCPayServer.Plugins.Tests\BTCPayServer.Plugins.Tests.csproj", "{C6E671F6-5417-4F2F-A5A2-0A7D307BA1F7}"
EndProject
Project("{FAE04EC0-301F-11D3-BF4B-00C04F79EFBC}") = "BTCPayServer.Plugins.DataErasure", "Plugins\BTCPayServer.Plugins.DataErasure\BTCPayServer.Plugins.DataErasure.csproj", "{034D1487-81C2-4250-A26E-162579C43C18}"
EndProject
Project("{FAE04EC0-301F-11D3-BF4B-00C04F79EFBC}") = "BTCPayServer.Plugins.DynamicRateLimits", "Plugins\BTCPayServer.Plugins.DynamicRateLimits\BTCPayServer.Plugins.DynamicRateLimits.csproj", "{C6033B0A-1070-4908-8A4E-F7B32C5007DB}"
EndProject
Project("{FAE04EC0-301F-11D3-BF4B-00C04F79EFBC}") = "BTCPayServer.Plugins.Prism", "Plugins\BTCPayServer.Plugins.Prism\BTCPayServer.Plugins.Prism.csproj", "{9BADDA0B-A5AB-4D51-9EBE-67C08C459DC7}"
EndProject
Project("{FAE04EC0-301F-11D3-BF4B-00C04F79EFBC}") = "BTCPayServer.Plugins.FileSeller", "Plugins\BTCPayServer.Plugins.FileSeller\BTCPayServer.Plugins.FileSeller.csproj", "{F2D81B6A-E1EA-4900-BF9A-924D2CA951DD}"
EndProject
Project("{FAE04EC0-301F-11D3-BF4B-00C04F79EFBC}") = "BTCPayServer.Plugins.Breez", "Plugins\BTCPayServer.Plugins.Breez\BTCPayServer.Plugins.Breez.csproj", "{5934F898-00B1-4781-BD18-04DF8685BC76}"
EndProject
Project("{FAE04EC0-301F-11D3-BF4B-00C04F79EFBC}") = "BTCPayServer.Plugins.DynamicReports", "Plugins\BTCPayServer.Plugins.DynamicReports\BTCPayServer.Plugins.DynamicReports.csproj", "{BCB4E68D-089F-481E-A3AE-FC9CED6AA34D}"
EndProject
Project("{FAE04EC0-301F-11D3-BF4B-00C04F79EFBC}") = "BTCPayServer.Plugins.Bringin", "Plugins\BTCPayServer.Plugins.Bringin\BTCPayServer.Plugins.Bringin.csproj", "{D4AFEC95-64D4-4FC4-9AE4-B82F4C6D6E29}"
EndProject
Project("{FAE04EC0-301F-11D3-BF4B-00C04F79EFBC}") = "BTCPayServer.Plugins.Blink", "Plugins\BTCPayServer.Plugins.Blink\BTCPayServer.Plugins.Blink.csproj", "{C0714C5C-1798-4576-9892-3CE097FDE76F}"
EndProject
Project("{FAE04EC0-301F-11D3-BF4B-00C04F79EFBC}") = "BTCPayServer.Plugins.MicroNode", "Plugins\BTCPayServer.Plugins.MicroNode\BTCPayServer.Plugins.MicroNode.csproj", "{95626F3B-7722-4AE7-9C12-EDB1E58687E2}"
EndProject
Project("{FAE04EC0-301F-11D3-BF4B-00C04F79EFBC}") = "BTCPayServer.Plugins.Subscriptions", "Plugins\BTCPayServer.Plugins.Subscriptions\BTCPayServer.Plugins.Subscriptions.csproj", "{994E5D32-849B-4276-82A9-2A18DBC98D39}"
EndProject
Global
	GlobalSection(SolutionConfigurationPlatforms) = preSolution
		Debug|Any CPU = Debug|Any CPU
		Release|Any CPU = Release|Any CPU
		Altcoins-Debug|Any CPU = Altcoins-Debug|Any CPU
		Altcoins-Release|Any CPU = Altcoins-Release|Any CPU
	EndGlobalSection
	GlobalSection(ProjectConfigurationPlatforms) = postSolution
		{D1D1116C-38F9-4EA3-AC65-A75FEA82E5C8}.Debug|Any CPU.ActiveCfg = Debug|Any CPU
		{D1D1116C-38F9-4EA3-AC65-A75FEA82E5C8}.Debug|Any CPU.Build.0 = Debug|Any CPU
		{D1D1116C-38F9-4EA3-AC65-A75FEA82E5C8}.Release|Any CPU.ActiveCfg = Release|Any CPU
		{D1D1116C-38F9-4EA3-AC65-A75FEA82E5C8}.Release|Any CPU.Build.0 = Release|Any CPU
		{D1D1116C-38F9-4EA3-AC65-A75FEA82E5C8}.Altcoins-Debug|Any CPU.ActiveCfg = Debug|Any CPU
		{D1D1116C-38F9-4EA3-AC65-A75FEA82E5C8}.Altcoins-Debug|Any CPU.Build.0 = Debug|Any CPU
		{D1D1116C-38F9-4EA3-AC65-A75FEA82E5C8}.Altcoins-Release|Any CPU.ActiveCfg = Release|Any CPU
		{D1D1116C-38F9-4EA3-AC65-A75FEA82E5C8}.Altcoins-Release|Any CPU.Build.0 = Release|Any CPU
		{B19C9F52-DC47-466D-8B5C-2D202B7B003F}.Release|Any CPU.ActiveCfg = Release|Any CPU
		{B19C9F52-DC47-466D-8B5C-2D202B7B003F}.Release|Any CPU.Build.0 = Release|Any CPU
		{B19C9F52-DC47-466D-8B5C-2D202B7B003F}.Altcoins-Debug|Any CPU.ActiveCfg = Altcoins-Debug|Any CPU
		{B19C9F52-DC47-466D-8B5C-2D202B7B003F}.Altcoins-Debug|Any CPU.Build.0 = Altcoins-Debug|Any CPU
		{B19C9F52-DC47-466D-8B5C-2D202B7B003F}.Altcoins-Release|Any CPU.ActiveCfg = Altcoins-Release|Any CPU
		{B19C9F52-DC47-466D-8B5C-2D202B7B003F}.Altcoins-Release|Any CPU.Build.0 = Altcoins-Release|Any CPU
		{B19C9F52-DC47-466D-8B5C-2D202B7B003F}.Debug|Any CPU.ActiveCfg = Debug|Any CPU
		{B19C9F52-DC47-466D-8B5C-2D202B7B003F}.Debug|Any CPU.Build.0 = Debug|Any CPU
		{AD9635BB-C70E-4676-BB04-900D51B01666}.Debug|Any CPU.ActiveCfg = Debug|Any CPU
		{AD9635BB-C70E-4676-BB04-900D51B01666}.Debug|Any CPU.Build.0 = Debug|Any CPU
		{AD9635BB-C70E-4676-BB04-900D51B01666}.Release|Any CPU.ActiveCfg = Release|Any CPU
		{AD9635BB-C70E-4676-BB04-900D51B01666}.Release|Any CPU.Build.0 = Release|Any CPU
		{AD9635BB-C70E-4676-BB04-900D51B01666}.Altcoins-Debug|Any CPU.ActiveCfg = Debug|Any CPU
		{AD9635BB-C70E-4676-BB04-900D51B01666}.Altcoins-Debug|Any CPU.Build.0 = Debug|Any CPU
		{AD9635BB-C70E-4676-BB04-900D51B01666}.Altcoins-Release|Any CPU.ActiveCfg = Release|Any CPU
		{AD9635BB-C70E-4676-BB04-900D51B01666}.Altcoins-Release|Any CPU.Build.0 = Release|Any CPU
		{8F158B88-0FEE-44FF-8552-7C0F17D5C508}.Release|Any CPU.ActiveCfg = Release|Any CPU
		{8F158B88-0FEE-44FF-8552-7C0F17D5C508}.Release|Any CPU.Build.0 = Release|Any CPU
		{8F158B88-0FEE-44FF-8552-7C0F17D5C508}.Altcoins-Debug|Any CPU.ActiveCfg = Altcoins-Debug|Any CPU
		{8F158B88-0FEE-44FF-8552-7C0F17D5C508}.Altcoins-Debug|Any CPU.Build.0 = Altcoins-Debug|Any CPU
		{8F158B88-0FEE-44FF-8552-7C0F17D5C508}.Altcoins-Release|Any CPU.ActiveCfg = Altcoins-Release|Any CPU
		{8F158B88-0FEE-44FF-8552-7C0F17D5C508}.Altcoins-Release|Any CPU.Build.0 = Altcoins-Release|Any CPU
		{8F158B88-0FEE-44FF-8552-7C0F17D5C508}.Debug|Any CPU.ActiveCfg = Debug|Any CPU
		{8F158B88-0FEE-44FF-8552-7C0F17D5C508}.Debug|Any CPU.Build.0 = Debug|Any CPU
		{DF85EFA4-0EF5-4A99-853F-E6F9C88E3F8C}.Release|Any CPU.ActiveCfg = Release|Any CPU
		{DF85EFA4-0EF5-4A99-853F-E6F9C88E3F8C}.Release|Any CPU.Build.0 = Release|Any CPU
		{DF85EFA4-0EF5-4A99-853F-E6F9C88E3F8C}.Altcoins-Debug|Any CPU.ActiveCfg = Altcoins-Debug|Any CPU
		{DF85EFA4-0EF5-4A99-853F-E6F9C88E3F8C}.Altcoins-Debug|Any CPU.Build.0 = Altcoins-Debug|Any CPU
		{DF85EFA4-0EF5-4A99-853F-E6F9C88E3F8C}.Altcoins-Release|Any CPU.ActiveCfg = Altcoins-Release|Any CPU
		{DF85EFA4-0EF5-4A99-853F-E6F9C88E3F8C}.Altcoins-Release|Any CPU.Build.0 = Altcoins-Release|Any CPU
		{DF85EFA4-0EF5-4A99-853F-E6F9C88E3F8C}.Debug|Any CPU.ActiveCfg = Debug|Any CPU
		{DF85EFA4-0EF5-4A99-853F-E6F9C88E3F8C}.Debug|Any CPU.Build.0 = Debug|Any CPU
		{2C5C4DF9-BA1F-4671-9F24-B22D7C9C3D21}.Release|Any CPU.ActiveCfg = Release|Any CPU
		{2C5C4DF9-BA1F-4671-9F24-B22D7C9C3D21}.Release|Any CPU.Build.0 = Release|Any CPU
		{2C5C4DF9-BA1F-4671-9F24-B22D7C9C3D21}.Altcoins-Debug|Any CPU.ActiveCfg = Altcoins-Debug|Any CPU
		{2C5C4DF9-BA1F-4671-9F24-B22D7C9C3D21}.Altcoins-Debug|Any CPU.Build.0 = Altcoins-Debug|Any CPU
		{2C5C4DF9-BA1F-4671-9F24-B22D7C9C3D21}.Altcoins-Release|Any CPU.ActiveCfg = Altcoins-Release|Any CPU
		{2C5C4DF9-BA1F-4671-9F24-B22D7C9C3D21}.Altcoins-Release|Any CPU.Build.0 = Altcoins-Release|Any CPU
		{2C5C4DF9-BA1F-4671-9F24-B22D7C9C3D21}.Debug|Any CPU.ActiveCfg = Debug|Any CPU
		{2C5C4DF9-BA1F-4671-9F24-B22D7C9C3D21}.Debug|Any CPU.Build.0 = Debug|Any CPU
		{D7E7309D-C4F4-496A-B2C8-BC5D3991B9C0}.Release|Any CPU.ActiveCfg = Release|Any CPU
		{D7E7309D-C4F4-496A-B2C8-BC5D3991B9C0}.Release|Any CPU.Build.0 = Release|Any CPU
		{D7E7309D-C4F4-496A-B2C8-BC5D3991B9C0}.Altcoins-Debug|Any CPU.ActiveCfg = Altcoins-Debug|Any CPU
		{D7E7309D-C4F4-496A-B2C8-BC5D3991B9C0}.Altcoins-Debug|Any CPU.Build.0 = Altcoins-Debug|Any CPU
		{D7E7309D-C4F4-496A-B2C8-BC5D3991B9C0}.Altcoins-Release|Any CPU.ActiveCfg = Altcoins-Release|Any CPU
		{D7E7309D-C4F4-496A-B2C8-BC5D3991B9C0}.Altcoins-Release|Any CPU.Build.0 = Altcoins-Release|Any CPU
		{D7E7309D-C4F4-496A-B2C8-BC5D3991B9C0}.Debug|Any CPU.ActiveCfg = Debug|Any CPU
		{D7E7309D-C4F4-496A-B2C8-BC5D3991B9C0}.Debug|Any CPU.Build.0 = Debug|Any CPU
		{3F2E0BA0-9EA7-490F-894D-F9703F35B174}.Release|Any CPU.ActiveCfg = Release|Any CPU
		{3F2E0BA0-9EA7-490F-894D-F9703F35B174}.Release|Any CPU.Build.0 = Release|Any CPU
		{3F2E0BA0-9EA7-490F-894D-F9703F35B174}.Altcoins-Debug|Any CPU.ActiveCfg = Altcoins-Debug|Any CPU
		{3F2E0BA0-9EA7-490F-894D-F9703F35B174}.Altcoins-Debug|Any CPU.Build.0 = Altcoins-Debug|Any CPU
		{3F2E0BA0-9EA7-490F-894D-F9703F35B174}.Altcoins-Release|Any CPU.ActiveCfg = Altcoins-Release|Any CPU
		{3F2E0BA0-9EA7-490F-894D-F9703F35B174}.Altcoins-Release|Any CPU.Build.0 = Altcoins-Release|Any CPU
		{3F2E0BA0-9EA7-490F-894D-F9703F35B174}.Debug|Any CPU.ActiveCfg = Debug|Any CPU
		{3F2E0BA0-9EA7-490F-894D-F9703F35B174}.Debug|Any CPU.Build.0 = Debug|Any CPU
		{6295533A-F941-40CA-B889-FE6C0432ED53}.Release|Any CPU.ActiveCfg = Release|Any CPU
		{6295533A-F941-40CA-B889-FE6C0432ED53}.Release|Any CPU.Build.0 = Release|Any CPU
		{6295533A-F941-40CA-B889-FE6C0432ED53}.Altcoins-Debug|Any CPU.ActiveCfg = Altcoins-Debug|Any CPU
		{6295533A-F941-40CA-B889-FE6C0432ED53}.Altcoins-Debug|Any CPU.Build.0 = Altcoins-Debug|Any CPU
		{6295533A-F941-40CA-B889-FE6C0432ED53}.Altcoins-Release|Any CPU.ActiveCfg = Altcoins-Release|Any CPU
		{6295533A-F941-40CA-B889-FE6C0432ED53}.Altcoins-Release|Any CPU.Build.0 = Altcoins-Release|Any CPU
		{6295533A-F941-40CA-B889-FE6C0432ED53}.Debug|Any CPU.ActiveCfg = Debug|Any CPU
		{6295533A-F941-40CA-B889-FE6C0432ED53}.Debug|Any CPU.Build.0 = Debug|Any CPU
		{58863D86-3C78-4BEC-ACB6-2F82CC141210}.Debug|Any CPU.ActiveCfg = Debug|Any CPU
		{58863D86-3C78-4BEC-ACB6-2F82CC141210}.Debug|Any CPU.Build.0 = Debug|Any CPU
		{58863D86-3C78-4BEC-ACB6-2F82CC141210}.Release|Any CPU.ActiveCfg = Release|Any CPU
		{58863D86-3C78-4BEC-ACB6-2F82CC141210}.Release|Any CPU.Build.0 = Release|Any CPU
		{58863D86-3C78-4BEC-ACB6-2F82CC141210}.Altcoins-Debug|Any CPU.ActiveCfg = Debug|Any CPU
		{58863D86-3C78-4BEC-ACB6-2F82CC141210}.Altcoins-Debug|Any CPU.Build.0 = Debug|Any CPU
		{58863D86-3C78-4BEC-ACB6-2F82CC141210}.Altcoins-Release|Any CPU.ActiveCfg = Release|Any CPU
		{58863D86-3C78-4BEC-ACB6-2F82CC141210}.Altcoins-Release|Any CPU.Build.0 = Release|Any CPU
		{B4E2ED08-4AD3-4648-8BDB-3107200460B9}.Release|Any CPU.ActiveCfg = Release|Any CPU
		{B4E2ED08-4AD3-4648-8BDB-3107200460B9}.Release|Any CPU.Build.0 = Release|Any CPU
		{B4E2ED08-4AD3-4648-8BDB-3107200460B9}.Altcoins-Debug|Any CPU.ActiveCfg = Altcoins-Debug|Any CPU
		{B4E2ED08-4AD3-4648-8BDB-3107200460B9}.Altcoins-Debug|Any CPU.Build.0 = Altcoins-Debug|Any CPU
		{B4E2ED08-4AD3-4648-8BDB-3107200460B9}.Altcoins-Release|Any CPU.ActiveCfg = Altcoins-Release|Any CPU
		{B4E2ED08-4AD3-4648-8BDB-3107200460B9}.Altcoins-Release|Any CPU.Build.0 = Altcoins-Release|Any CPU
		{B4E2ED08-4AD3-4648-8BDB-3107200460B9}.Debug|Any CPU.ActiveCfg = Debug|Any CPU
		{B4E2ED08-4AD3-4648-8BDB-3107200460B9}.Debug|Any CPU.Build.0 = Debug|Any CPU
		{5E1BAA06-7828-47BC-89D6-19C2A78EA427}.Debug|Any CPU.ActiveCfg = Debug|Any CPU
		{5E1BAA06-7828-47BC-89D6-19C2A78EA427}.Debug|Any CPU.Build.0 = Debug|Any CPU
		{5E1BAA06-7828-47BC-89D6-19C2A78EA427}.Release|Any CPU.ActiveCfg = Release|Any CPU
		{5E1BAA06-7828-47BC-89D6-19C2A78EA427}.Release|Any CPU.Build.0 = Release|Any CPU
		{5E1BAA06-7828-47BC-89D6-19C2A78EA427}.Altcoins-Debug|Any CPU.ActiveCfg = Debug|Any CPU
		{5E1BAA06-7828-47BC-89D6-19C2A78EA427}.Altcoins-Debug|Any CPU.Build.0 = Debug|Any CPU
		{5E1BAA06-7828-47BC-89D6-19C2A78EA427}.Altcoins-Release|Any CPU.ActiveCfg = Release|Any CPU
		{5E1BAA06-7828-47BC-89D6-19C2A78EA427}.Altcoins-Release|Any CPU.Build.0 = Release|Any CPU
		{7AFC20EB-1696-47D7-8E57-822B05DD18F2}.Debug|Any CPU.ActiveCfg = Debug|Any CPU
		{7AFC20EB-1696-47D7-8E57-822B05DD18F2}.Debug|Any CPU.Build.0 = Debug|Any CPU
		{7AFC20EB-1696-47D7-8E57-822B05DD18F2}.Release|Any CPU.ActiveCfg = Release|Any CPU
		{7AFC20EB-1696-47D7-8E57-822B05DD18F2}.Release|Any CPU.Build.0 = Release|Any CPU
		{7AFC20EB-1696-47D7-8E57-822B05DD18F2}.Altcoins-Debug|Any CPU.ActiveCfg = Debug|Any CPU
		{7AFC20EB-1696-47D7-8E57-822B05DD18F2}.Altcoins-Debug|Any CPU.Build.0 = Debug|Any CPU
		{7AFC20EB-1696-47D7-8E57-822B05DD18F2}.Altcoins-Release|Any CPU.ActiveCfg = Release|Any CPU
		{7AFC20EB-1696-47D7-8E57-822B05DD18F2}.Altcoins-Release|Any CPU.Build.0 = Release|Any CPU
		{0D438B7D-F996-4BF3-8F54-02CB9DF120D8}.Debug|Any CPU.ActiveCfg = Debug|Any CPU
		{0D438B7D-F996-4BF3-8F54-02CB9DF120D8}.Debug|Any CPU.Build.0 = Debug|Any CPU
		{0D438B7D-F996-4BF3-8F54-02CB9DF120D8}.Release|Any CPU.ActiveCfg = Release|Any CPU
		{0D438B7D-F996-4BF3-8F54-02CB9DF120D8}.Release|Any CPU.Build.0 = Release|Any CPU
		{0D438B7D-F996-4BF3-8F54-02CB9DF120D8}.Altcoins-Debug|Any CPU.ActiveCfg = Debug|Any CPU
		{0D438B7D-F996-4BF3-8F54-02CB9DF120D8}.Altcoins-Debug|Any CPU.Build.0 = Debug|Any CPU
		{0D438B7D-F996-4BF3-8F54-02CB9DF120D8}.Altcoins-Release|Any CPU.ActiveCfg = Release|Any CPU
		{0D438B7D-F996-4BF3-8F54-02CB9DF120D8}.Altcoins-Release|Any CPU.Build.0 = Release|Any CPU
		{2FDF2D41-8E75-49F6-9F4D-9E9AECE7922F}.Debug|Any CPU.ActiveCfg = Debug|Any CPU
		{2FDF2D41-8E75-49F6-9F4D-9E9AECE7922F}.Debug|Any CPU.Build.0 = Debug|Any CPU
		{2FDF2D41-8E75-49F6-9F4D-9E9AECE7922F}.Release|Any CPU.ActiveCfg = Release|Any CPU
		{2FDF2D41-8E75-49F6-9F4D-9E9AECE7922F}.Release|Any CPU.Build.0 = Release|Any CPU
		{2FDF2D41-8E75-49F6-9F4D-9E9AECE7922F}.Altcoins-Debug|Any CPU.ActiveCfg = Debug|Any CPU
		{2FDF2D41-8E75-49F6-9F4D-9E9AECE7922F}.Altcoins-Debug|Any CPU.Build.0 = Debug|Any CPU
		{2FDF2D41-8E75-49F6-9F4D-9E9AECE7922F}.Altcoins-Release|Any CPU.ActiveCfg = Debug|Any CPU
		{2FDF2D41-8E75-49F6-9F4D-9E9AECE7922F}.Altcoins-Release|Any CPU.Build.0 = Debug|Any CPU
		{362D2175-9632-418E-95B1-5D638C52ECA6}.Debug|Any CPU.ActiveCfg = Debug|Any CPU
		{362D2175-9632-418E-95B1-5D638C52ECA6}.Debug|Any CPU.Build.0 = Debug|Any CPU
		{362D2175-9632-418E-95B1-5D638C52ECA6}.Release|Any CPU.ActiveCfg = Release|Any CPU
		{362D2175-9632-418E-95B1-5D638C52ECA6}.Release|Any CPU.Build.0 = Release|Any CPU
		{362D2175-9632-418E-95B1-5D638C52ECA6}.Altcoins-Debug|Any CPU.ActiveCfg = Debug|Any CPU
		{362D2175-9632-418E-95B1-5D638C52ECA6}.Altcoins-Debug|Any CPU.Build.0 = Debug|Any CPU
		{362D2175-9632-418E-95B1-5D638C52ECA6}.Altcoins-Release|Any CPU.ActiveCfg = Debug|Any CPU
		{362D2175-9632-418E-95B1-5D638C52ECA6}.Altcoins-Release|Any CPU.Build.0 = Debug|Any CPU
		{4146B6DF-7BEE-4BD0-B6B1-77E7630A1B81}.Debug|Any CPU.ActiveCfg = Debug|Any CPU
		{4146B6DF-7BEE-4BD0-B6B1-77E7630A1B81}.Debug|Any CPU.Build.0 = Debug|Any CPU
		{4146B6DF-7BEE-4BD0-B6B1-77E7630A1B81}.Release|Any CPU.ActiveCfg = Release|Any CPU
		{4146B6DF-7BEE-4BD0-B6B1-77E7630A1B81}.Release|Any CPU.Build.0 = Release|Any CPU
		{4146B6DF-7BEE-4BD0-B6B1-77E7630A1B81}.Altcoins-Debug|Any CPU.ActiveCfg = Altcoins-Debug|Any CPU
		{4146B6DF-7BEE-4BD0-B6B1-77E7630A1B81}.Altcoins-Debug|Any CPU.Build.0 = Altcoins-Debug|Any CPU
		{4146B6DF-7BEE-4BD0-B6B1-77E7630A1B81}.Altcoins-Release|Any CPU.ActiveCfg = Altcoins-Release|Any CPU
		{4146B6DF-7BEE-4BD0-B6B1-77E7630A1B81}.Altcoins-Release|Any CPU.Build.0 = Altcoins-Release|Any CPU
		{C6E671F6-5417-4F2F-A5A2-0A7D307BA1F7}.Debug|Any CPU.ActiveCfg = Debug|Any CPU
		{C6E671F6-5417-4F2F-A5A2-0A7D307BA1F7}.Debug|Any CPU.Build.0 = Debug|Any CPU
		{C6E671F6-5417-4F2F-A5A2-0A7D307BA1F7}.Release|Any CPU.ActiveCfg = Release|Any CPU
		{C6E671F6-5417-4F2F-A5A2-0A7D307BA1F7}.Release|Any CPU.Build.0 = Release|Any CPU
		{C6E671F6-5417-4F2F-A5A2-0A7D307BA1F7}.Altcoins-Debug|Any CPU.ActiveCfg = Debug|Any CPU
		{C6E671F6-5417-4F2F-A5A2-0A7D307BA1F7}.Altcoins-Debug|Any CPU.Build.0 = Debug|Any CPU
		{C6E671F6-5417-4F2F-A5A2-0A7D307BA1F7}.Altcoins-Release|Any CPU.ActiveCfg = Debug|Any CPU
		{C6E671F6-5417-4F2F-A5A2-0A7D307BA1F7}.Altcoins-Release|Any CPU.Build.0 = Debug|Any CPU
		{034D1487-81C2-4250-A26E-162579C43C18}.Debug|Any CPU.ActiveCfg = Debug|Any CPU
		{034D1487-81C2-4250-A26E-162579C43C18}.Debug|Any CPU.Build.0 = Debug|Any CPU
		{034D1487-81C2-4250-A26E-162579C43C18}.Release|Any CPU.ActiveCfg = Release|Any CPU
		{034D1487-81C2-4250-A26E-162579C43C18}.Release|Any CPU.Build.0 = Release|Any CPU
		{034D1487-81C2-4250-A26E-162579C43C18}.Altcoins-Debug|Any CPU.ActiveCfg = Debug|Any CPU
		{034D1487-81C2-4250-A26E-162579C43C18}.Altcoins-Debug|Any CPU.Build.0 = Debug|Any CPU
		{034D1487-81C2-4250-A26E-162579C43C18}.Altcoins-Release|Any CPU.ActiveCfg = Debug|Any CPU
		{034D1487-81C2-4250-A26E-162579C43C18}.Altcoins-Release|Any CPU.Build.0 = Debug|Any CPU
		{C6033B0A-1070-4908-8A4E-F7B32C5007DB}.Debug|Any CPU.ActiveCfg = Debug|Any CPU
		{C6033B0A-1070-4908-8A4E-F7B32C5007DB}.Debug|Any CPU.Build.0 = Debug|Any CPU
		{C6033B0A-1070-4908-8A4E-F7B32C5007DB}.Release|Any CPU.ActiveCfg = Release|Any CPU
		{C6033B0A-1070-4908-8A4E-F7B32C5007DB}.Release|Any CPU.Build.0 = Release|Any CPU
		{C6033B0A-1070-4908-8A4E-F7B32C5007DB}.Altcoins-Debug|Any CPU.ActiveCfg = Debug|Any CPU
		{C6033B0A-1070-4908-8A4E-F7B32C5007DB}.Altcoins-Debug|Any CPU.Build.0 = Debug|Any CPU
		{C6033B0A-1070-4908-8A4E-F7B32C5007DB}.Altcoins-Release|Any CPU.ActiveCfg = Debug|Any CPU
		{C6033B0A-1070-4908-8A4E-F7B32C5007DB}.Altcoins-Release|Any CPU.Build.0 = Debug|Any CPU
		{9BADDA0B-A5AB-4D51-9EBE-67C08C459DC7}.Debug|Any CPU.ActiveCfg = Debug|Any CPU
		{9BADDA0B-A5AB-4D51-9EBE-67C08C459DC7}.Debug|Any CPU.Build.0 = Debug|Any CPU
		{9BADDA0B-A5AB-4D51-9EBE-67C08C459DC7}.Release|Any CPU.ActiveCfg = Release|Any CPU
		{9BADDA0B-A5AB-4D51-9EBE-67C08C459DC7}.Release|Any CPU.Build.0 = Release|Any CPU
		{9BADDA0B-A5AB-4D51-9EBE-67C08C459DC7}.Altcoins-Debug|Any CPU.ActiveCfg = Debug|Any CPU
		{9BADDA0B-A5AB-4D51-9EBE-67C08C459DC7}.Altcoins-Debug|Any CPU.Build.0 = Debug|Any CPU
		{9BADDA0B-A5AB-4D51-9EBE-67C08C459DC7}.Altcoins-Release|Any CPU.ActiveCfg = Debug|Any CPU
		{9BADDA0B-A5AB-4D51-9EBE-67C08C459DC7}.Altcoins-Release|Any CPU.Build.0 = Debug|Any CPU
		{F2D81B6A-E1EA-4900-BF9A-924D2CA951DD}.Debug|Any CPU.ActiveCfg = Debug|Any CPU
		{F2D81B6A-E1EA-4900-BF9A-924D2CA951DD}.Debug|Any CPU.Build.0 = Debug|Any CPU
		{F2D81B6A-E1EA-4900-BF9A-924D2CA951DD}.Release|Any CPU.ActiveCfg = Release|Any CPU
		{F2D81B6A-E1EA-4900-BF9A-924D2CA951DD}.Release|Any CPU.Build.0 = Release|Any CPU
		{F2D81B6A-E1EA-4900-BF9A-924D2CA951DD}.Altcoins-Debug|Any CPU.ActiveCfg = Debug|Any CPU
		{F2D81B6A-E1EA-4900-BF9A-924D2CA951DD}.Altcoins-Debug|Any CPU.Build.0 = Debug|Any CPU
		{F2D81B6A-E1EA-4900-BF9A-924D2CA951DD}.Altcoins-Release|Any CPU.ActiveCfg = Release|Any CPU
		{F2D81B6A-E1EA-4900-BF9A-924D2CA951DD}.Altcoins-Release|Any CPU.Build.0 = Release|Any CPU
		{BCB4E68D-089F-481E-A3AE-FC9CED6AA34D}.Debug|Any CPU.ActiveCfg = Debug|Any CPU
		{BCB4E68D-089F-481E-A3AE-FC9CED6AA34D}.Debug|Any CPU.Build.0 = Debug|Any CPU
		{BCB4E68D-089F-481E-A3AE-FC9CED6AA34D}.Release|Any CPU.ActiveCfg = Release|Any CPU
		{BCB4E68D-089F-481E-A3AE-FC9CED6AA34D}.Release|Any CPU.Build.0 = Release|Any CPU
		{BCB4E68D-089F-481E-A3AE-FC9CED6AA34D}.Altcoins-Debug|Any CPU.ActiveCfg = Debug|Any CPU
		{BCB4E68D-089F-481E-A3AE-FC9CED6AA34D}.Altcoins-Debug|Any CPU.Build.0 = Debug|Any CPU
		{BCB4E68D-089F-481E-A3AE-FC9CED6AA34D}.Altcoins-Release|Any CPU.ActiveCfg = Debug|Any CPU
		{BCB4E68D-089F-481E-A3AE-FC9CED6AA34D}.Altcoins-Release|Any CPU.Build.0 = Debug|Any CPU
		{D4AFEC95-64D4-4FC4-9AE4-B82F4C6D6E29}.Debug|Any CPU.ActiveCfg = Debug|Any CPU
		{D4AFEC95-64D4-4FC4-9AE4-B82F4C6D6E29}.Debug|Any CPU.Build.0 = Debug|Any CPU
		{D4AFEC95-64D4-4FC4-9AE4-B82F4C6D6E29}.Release|Any CPU.ActiveCfg = Release|Any CPU
		{D4AFEC95-64D4-4FC4-9AE4-B82F4C6D6E29}.Release|Any CPU.Build.0 = Release|Any CPU
		{D4AFEC95-64D4-4FC4-9AE4-B82F4C6D6E29}.Altcoins-Debug|Any CPU.ActiveCfg = Debug|Any CPU
		{D4AFEC95-64D4-4FC4-9AE4-B82F4C6D6E29}.Altcoins-Debug|Any CPU.Build.0 = Debug|Any CPU
		{D4AFEC95-64D4-4FC4-9AE4-B82F4C6D6E29}.Altcoins-Release|Any CPU.ActiveCfg = Debug|Any CPU
		{D4AFEC95-64D4-4FC4-9AE4-B82F4C6D6E29}.Altcoins-Release|Any CPU.Build.0 = Debug|Any CPU
		{5934F898-00B1-4781-BD18-04DF8685BC76}.Debug|Any CPU.ActiveCfg = Debug|Any CPU
		{5934F898-00B1-4781-BD18-04DF8685BC76}.Debug|Any CPU.Build.0 = Debug|Any CPU
		{5934F898-00B1-4781-BD18-04DF8685BC76}.Release|Any CPU.ActiveCfg = Release|Any CPU
		{5934F898-00B1-4781-BD18-04DF8685BC76}.Release|Any CPU.Build.0 = Release|Any CPU
		{5934F898-00B1-4781-BD18-04DF8685BC76}.Altcoins-Debug|Any CPU.ActiveCfg = Debug|Any CPU
		{5934F898-00B1-4781-BD18-04DF8685BC76}.Altcoins-Debug|Any CPU.Build.0 = Debug|Any CPU
		{5934F898-00B1-4781-BD18-04DF8685BC76}.Altcoins-Release|Any CPU.ActiveCfg = Debug|Any CPU
		{5934F898-00B1-4781-BD18-04DF8685BC76}.Altcoins-Release|Any CPU.Build.0 = Debug|Any CPU
		{C0714C5C-1798-4576-9892-3CE097FDE76F}.Debug|Any CPU.ActiveCfg = Debug|Any CPU
		{C0714C5C-1798-4576-9892-3CE097FDE76F}.Debug|Any CPU.Build.0 = Debug|Any CPU
		{C0714C5C-1798-4576-9892-3CE097FDE76F}.Release|Any CPU.ActiveCfg = Release|Any CPU
		{C0714C5C-1798-4576-9892-3CE097FDE76F}.Release|Any CPU.Build.0 = Release|Any CPU
		{C0714C5C-1798-4576-9892-3CE097FDE76F}.Altcoins-Debug|Any CPU.ActiveCfg = Debug|Any CPU
		{C0714C5C-1798-4576-9892-3CE097FDE76F}.Altcoins-Debug|Any CPU.Build.0 = Debug|Any CPU
		{C0714C5C-1798-4576-9892-3CE097FDE76F}.Altcoins-Release|Any CPU.ActiveCfg = Debug|Any CPU
		{C0714C5C-1798-4576-9892-3CE097FDE76F}.Altcoins-Release|Any CPU.Build.0 = Debug|Any CPU
		{95626F3B-7722-4AE7-9C12-EDB1E58687E2}.Debug|Any CPU.ActiveCfg = Debug|Any CPU
		{95626F3B-7722-4AE7-9C12-EDB1E58687E2}.Debug|Any CPU.Build.0 = Debug|Any CPU
		{95626F3B-7722-4AE7-9C12-EDB1E58687E2}.Release|Any CPU.ActiveCfg = Release|Any CPU
		{95626F3B-7722-4AE7-9C12-EDB1E58687E2}.Release|Any CPU.Build.0 = Release|Any CPU
		{95626F3B-7722-4AE7-9C12-EDB1E58687E2}.Altcoins-Debug|Any CPU.ActiveCfg = Debug|Any CPU
		{95626F3B-7722-4AE7-9C12-EDB1E58687E2}.Altcoins-Debug|Any CPU.Build.0 = Debug|Any CPU
		{95626F3B-7722-4AE7-9C12-EDB1E58687E2}.Altcoins-Release|Any CPU.ActiveCfg = Debug|Any CPU
		{95626F3B-7722-4AE7-9C12-EDB1E58687E2}.Altcoins-Release|Any CPU.Build.0 = Debug|Any CPU
		{994E5D32-849B-4276-82A9-2A18DBC98D39}.Debug|Any CPU.ActiveCfg = Debug|Any CPU
		{994E5D32-849B-4276-82A9-2A18DBC98D39}.Debug|Any CPU.Build.0 = Debug|Any CPU
		{994E5D32-849B-4276-82A9-2A18DBC98D39}.Release|Any CPU.ActiveCfg = Release|Any CPU
		{994E5D32-849B-4276-82A9-2A18DBC98D39}.Release|Any CPU.Build.0 = Release|Any CPU
		{994E5D32-849B-4276-82A9-2A18DBC98D39}.Altcoins-Debug|Any CPU.ActiveCfg = Debug|Any CPU
		{994E5D32-849B-4276-82A9-2A18DBC98D39}.Altcoins-Debug|Any CPU.Build.0 = Debug|Any CPU
		{994E5D32-849B-4276-82A9-2A18DBC98D39}.Altcoins-Release|Any CPU.ActiveCfg = Debug|Any CPU
		{994E5D32-849B-4276-82A9-2A18DBC98D39}.Altcoins-Release|Any CPU.Build.0 = Debug|Any CPU
	EndGlobalSection
	GlobalSection(NestedProjects) = preSolution
		{B19C9F52-DC47-466D-8B5C-2D202B7B003F} = {9E04ECE9-E304-4FF2-9CBC-83256E6C6962}
		{DF85EFA4-0EF5-4A99-853F-E6F9C88E3F8C} = {9E04ECE9-E304-4FF2-9CBC-83256E6C6962}
		{8F158B88-0FEE-44FF-8552-7C0F17D5C508} = {9E04ECE9-E304-4FF2-9CBC-83256E6C6962}
		{D7E7309D-C4F4-496A-B2C8-BC5D3991B9C0} = {9E04ECE9-E304-4FF2-9CBC-83256E6C6962}
		{3F2E0BA0-9EA7-490F-894D-F9703F35B174} = {9E04ECE9-E304-4FF2-9CBC-83256E6C6962}
		{2C5C4DF9-BA1F-4671-9F24-B22D7C9C3D21} = {9E04ECE9-E304-4FF2-9CBC-83256E6C6962}
	EndGlobalSection
EndGlobal
